
Microsoft Visual Studio Solution File, Format Version 12.00
# Visual Studio Version 17
VisualStudioVersion = 17.7.34031.279
MinimumVisualStudioVersion = 10.0.40219.1
Project("{9A19103F-16F7-4668-BE54-9A1E7A4F7556}") = "FA23_Convocation2023_API", "FA23_Convocation2023_API.csproj", "{9C4CCF44-5455-4D5F-9ADD-01511242DC1B}"
EndProject
Global
	GlobalSection(SolutionConfigurationPlatforms) = preSolution
		Debug|Any CPU = Debug|Any CPU
		Release|Any CPU = Release|Any CPU
	EndGlobalSection
	GlobalSection(ProjectConfigurationPlatforms) = postSolution
		{9C4CCF44-5455-4D5F-9ADD-01511242DC1B}.Debug|Any CPU.ActiveCfg = Debug|Any CPU
		{9C4CCF44-5455-4D5F-9ADD-01511242DC1B}.Debug|Any CPU.Build.0 = Debug|Any CPU
		{9C4CCF44-5455-4D5F-9ADD-01511242DC1B}.Release|Any CPU.ActiveCfg = Release|Any CPU
		{9C4CCF44-5455-4D5F-9ADD-01511242DC1B}.Release|Any CPU.Build.0 = Release|Any CPU
	EndGlobalSection
	GlobalSection(SolutionProperties) = preSolution
		HideSolutionNode = FALSE
	EndGlobalSection
	GlobalSection(ExtensibilityGlobals) = postSolution
		SolutionGuid = {B35D1E45-925F-4260-9E95-070BCB2B7F06}
	EndGlobalSection
EndGlobal
